# This file is automatically @generated by Cargo.
# It is not intended for manual editing.
version = 4

[[package]]
name = "hpvca"
version = "0.1.12"
source = "registry+https://github.com/rust-lang/crates.io-index"
checksum = "6c06993dc52de1384913cba4e341031d8dbbf44c7ba3b427acf22c4e8e20713a"

[[package]]
name = "hpvca-probe"
version = "0.0.0"
dependencies = [
 "hpvca",
]
